// !$*UTF8*$!
{
	archiveVersion = 1;
	classes = {
	};
	objectVersion = 55;
	objects = {

/* Begin PBXBuildFile section */
		11E5ECE507E78B44DEDCE76E /* Pods_Flix_FlixUITests.framework in Frameworks */ = {isa = PBXBuildFile; fileRef = A9CE29775D34B8A924DAEF26 /* Pods_Flix_FlixUITests.framework */; };
		40323EB027AA355A00162695 /* AppDelegate.swift in Sources */ = {isa = PBXBuildFile; fileRef = 40323EAF27AA355A00162695 /* AppDelegate.swift */; };
		40323EB227AA355A00162695 /* SceneDelegate.swift in Sources */ = {isa = PBXBuildFile; fileRef = 40323EB127AA355A00162695 /* SceneDelegate.swift */; };
		40323EB427AA355A00162695 /* ViewController.swift in Sources */ = {isa = PBXBuildFile; fileRef = 40323EB327AA355A00162695 /* ViewController.swift */; };
		40323EB727AA355A00162695 /* Main.storyboard in Resources */ = {isa = PBXBuildFile; fileRef = 40323EB527AA355A00162695 /* Main.storyboard */; };
		40323EB927AA355B00162695 /* Assets.xcassets in Resources */ = {isa = PBXBuildFile; fileRef = 40323EB827AA355B00162695 /* Assets.xcassets */; };
		40323EBC27AA355B00162695 /* LaunchScreen.storyboard in Resources */ = {isa = PBXBuildFile; fileRef = 40323EBA27AA355B00162695 /* LaunchScreen.storyboard */; };
		40323EC727AA355B00162695 /* FlixTests.swift in Sources */ = {isa = PBXBuildFile; fileRef = 40323EC627AA355B00162695 /* FlixTests.swift */; };
		40323ED127AA355B00162695 /* FlixUITests.swift in Sources */ = {isa = PBXBuildFile; fileRef = 40323ED027AA355B00162695 /* FlixUITests.swift */; };
		40323ED327AA355B00162695 /* FlixUITestsLaunchTests.swift in Sources */ = {isa = PBXBuildFile; fileRef = 40323ED227AA355B00162695 /* FlixUITestsLaunchTests.swift */; };
		40323EE427AA378500162695 /* MoviesViewController.swift in Sources */ = {isa = PBXBuildFile; fileRef = 40323EE327AA378500162695 /* MoviesViewController.swift */; };
		40323EE827AA434F00162695 /* MovieCell.swift in Sources */ = {isa = PBXBuildFile; fileRef = 40323EE727AA434F00162695 /* MovieCell.swift */; };
		40323EEB27AA481900162695 /* AlamofireImage in Frameworks */ = {isa = PBXBuildFile; productRef = 40323EEA27AA481900162695 /* AlamofireImage */; };
		70BB7AC4A7D92AA61715C511 /* Pods_Flix.framework in Frameworks */ = {isa = PBXBuildFile; fileRef = 784C2F2CEB2FE618E64C33A7 /* Pods_Flix.framework */; };
		C777A244B23505F3288A3DC4 /* Pods_FlixTests.framework in Frameworks */ = {isa = PBXBuildFile; fileRef = 539DAAF84BA833A382B3D333 /* Pods_FlixTests.framework */; };
/* End PBXBuildFile section */

/* Begin PBXContainerItemProxy section */
		40323EC327AA355B00162695 /* PBXContainerItemProxy */ = {
			isa = PBXContainerItemProxy;
			containerPortal = 40323EA427AA355A00162695 /* Project object */;
			proxyType = 1;
			remoteGlobalIDString = 40323EAB27AA355A00162695;
			remoteInfo = Flix;
		};
		40323ECD27AA355B00162695 /* PBXContainerItemProxy */ = {
			isa = PBXContainerItemProxy;
			containerPortal = 40323EA427AA355A00162695 /* Project object */;
			proxyType = 1;
			remoteGlobalIDString = 40323EAB27AA355A00162695;
			remoteInfo = Flix;
		};
/* End PBXContainerItemProxy section */

/* Begin PBXFileReference section */
		40323EAC27AA355A00162695 /* Flix.app */ = {isa = PBXFileReference; explicitFileType = wrapper.application; includeInIndex = 0; path = Flix.app; sourceTree = BUILT_PRODUCTS_DIR; };
		40323EAF27AA355A00162695 /* AppDelegate.swift */ = {isa = PBXFileReference; lastKnownFileType = sourcecode.swift; path = AppDelegate.swift; sourceTree = "<group>"; };
		40323EB127AA355A00162695 /* SceneDelegate.swift */ = {isa = PBXFileReference; lastKnownFileType = sourcecode.swift; path = SceneDelegate.swift; sourceTree = "<group>"; };
		40323EB327AA355A00162695 /* ViewController.swift */ = {isa = PBXFileReference; lastKnownFileType = sourcecode.swift; path = ViewController.swift; sourceTree = "<group>"; };
		40323EB627AA355A00162695 /* Base */ = {isa = PBXFileReference; lastKnownFileType = file.storyboard; name = Base; path = Base.lproj/Main.storyboard; sourceTree = "<group>"; };
		40323EB827AA355B00162695 /* Assets.xcassets */ = {isa = PBXFileReference; lastKnownFileType = folder.assetcatalog; path = Assets.xcassets; sourceTree = "<group>"; };
		40323EBB27AA355B00162695 /* Base */ = {isa = PBXFileReference; lastKnownFileType = file.storyboard; name = Base; path = Base.lproj/LaunchScreen.storyboard; sourceTree = "<group>"; };
		40323EBD27AA355B00162695 /* Info.plist */ = {isa = PBXFileReference; lastKnownFileType = text.plist.xml; path = Info.plist; sourceTree = "<group>"; };
		40323EC227AA355B00162695 /* FlixTests.xctest */ = {isa = PBXFileReference; explicitFileType = wrapper.cfbundle; includeInIndex = 0; path = FlixTests.xctest; sourceTree = BUILT_PRODUCTS_DIR; };
		40323EC627AA355B00162695 /* FlixTests.swift */ = {isa = PBXFileReference; lastKnownFileType = sourcecode.swift; path = FlixTests.swift; sourceTree = "<group>"; };
		40323ECC27AA355B00162695 /* FlixUITests.xctest */ = {isa = PBXFileReference; explicitFileType = wrapper.cfbundle; includeInIndex = 0; path = FlixUITests.xctest; sourceTree = BUILT_PRODUCTS_DIR; };
		40323ED027AA355B00162695 /* FlixUITests.swift */ = {isa = PBXFileReference; lastKnownFileType = sourcecode.swift; path = FlixUITests.swift; sourceTree = "<group>"; };
		40323ED227AA355B00162695 /* FlixUITestsLaunchTests.swift */ = {isa = PBXFileReference; lastKnownFileType = sourcecode.swift; path = FlixUITestsLaunchTests.swift; sourceTree = "<group>"; };
		40323EE327AA378500162695 /* MoviesViewController.swift */ = {isa = PBXFileReference; lastKnownFileType = sourcecode.swift; path = MoviesViewController.swift; sourceTree = "<group>"; };
		40323EE727AA434F00162695 /* MovieCell.swift */ = {isa = PBXFileReference; lastKnownFileType = sourcecode.swift; path = MovieCell.swift; sourceTree = "<group>"; };
		539DAAF84BA833A382B3D333 /* Pods_FlixTests.framework */ = {isa = PBXFileReference; explicitFileType = wrapper.framework; includeInIndex = 0; path = Pods_FlixTests.framework; sourceTree = BUILT_PRODUCTS_DIR; };
		7737398437F3C1BBB7658517 /* Pods-FlixTests.debug.xcconfig */ = {isa = PBXFileReference; includeInIndex = 1; lastKnownFileType = text.xcconfig; name = "Pods-FlixTests.debug.xcconfig"; path = "Target Support Files/Pods-FlixTests/Pods-FlixTests.debug.xcconfig"; sourceTree = "<group>"; };
		784C2F2CEB2FE618E64C33A7 /* Pods_Flix.framework */ = {isa = PBXFileReference; explicitFileType = wrapper.framework; includeInIndex = 0; path = Pods_Flix.framework; sourceTree = BUILT_PRODUCTS_DIR; };
		7DC6F50DD71FAE2C95641E02 /* Pods-FlixTests.release.xcconfig */ = {isa = PBXFileReference; includeInIndex = 1; lastKnownFileType = text.xcconfig; name = "Pods-FlixTests.release.xcconfig"; path = "Target Support Files/Pods-FlixTests/Pods-FlixTests.release.xcconfig"; sourceTree = "<group>"; };
		9A6341960AB3F4B73129A650 /* Pods-Flix-FlixUITests.debug.xcconfig */ = {isa = PBXFileReference; includeInIndex = 1; lastKnownFileType = text.xcconfig; name = "Pods-Flix-FlixUITests.debug.xcconfig"; path = "Target Support Files/Pods-Flix-FlixUITests/Pods-Flix-FlixUITests.debug.xcconfig"; sourceTree = "<group>"; };
		A9CE29775D34B8A924DAEF26 /* Pods_Flix_FlixUITests.framework */ = {isa = PBXFileReference; explicitFileType = wrapper.framework; includeInIndex = 0; path = Pods_Flix_FlixUITests.framework; sourceTree = BUILT_PRODUCTS_DIR; };
		B487088407A365509516CBDD /* Pods-Flix.debug.xcconfig */ = {isa = PBXFileReference; includeInIndex = 1; lastKnownFileType = text.xcconfig; name = "Pods-Flix.debug.xcconfig"; path = "Target Support Files/Pods-Flix/Pods-Flix.debug.xcconfig"; sourceTree = "<group>"; };
		BF5539E619C9C2441DBDC3AD /* Pods-Flix.release.xcconfig */ = {isa = PBXFileReference; includeInIndex = 1; lastKnownFileType = text.xcconfig; name = "Pods-Flix.release.xcconfig"; path = "Target Support Files/Pods-Flix/Pods-Flix.release.xcconfig"; sourceTree = "<group>"; };
		D7957C08E247AE9D1C07BF40 /* Pods-Flix-FlixUITests.release.xcconfig */ = {isa = PBXFileReference; includeInIndex = 1; lastKnownFileType = text.xcconfig; name = "Pods-Flix-FlixUITests.release.xcconfig"; path = "Target Support Files/Pods-Flix-FlixUITests/Pods-Flix-FlixUITests.release.xcconfig"; sourceTree = "<group>"; };
/* End PBXFileReference section */

/* Begin PBXFrameworksBuildPhase section */
		40323EA927AA355A00162695 /* Frameworks */ = {
			isa = PBXFrameworksBuildPhase;
			buildActionMask = 2147483647;
			files = (
				40323EEB27AA481900162695 /* AlamofireImage in Frameworks */,
				70BB7AC4A7D92AA61715C511 /* Pods_Flix.framework in Frameworks */,
			);
			runOnlyForDeploymentPostprocessing = 0;
		};
		40323EBF27AA355B00162695 /* Frameworks */ = {
			isa = PBXFrameworksBuildPhase;
			buildActionMask = 2147483647;
			files = (
				C777A244B23505F3288A3DC4 /* Pods_FlixTests.framework in Frameworks */,
			);
			runOnlyForDeploymentPostprocessing = 0;
		};
		40323EC927AA355B00162695 /* Frameworks */ = {
			isa = PBXFrameworksBuildPhase;
			buildActionMask = 2147483647;
			files = (
				11E5ECE507E78B44DEDCE76E /* Pods_Flix_FlixUITests.framework in Frameworks */,
			);
			runOnlyForDeploymentPostprocessing = 0;
		};
/* End PBXFrameworksBuildPhase section */

/* Begin PBXGroup section */
		40323EA327AA355A00162695 = {
			isa = PBXGroup;
			children = (
				40323EAE27AA355A00162695 /* Flix */,
				40323EC527AA355B00162695 /* FlixTests */,
				40323ECF27AA355B00162695 /* FlixUITests */,
				40323EAD27AA355A00162695 /* Products */,
				9138CF8C6AEB3B74AE5152AD /* Pods */,
				9AE2700E10621852C6B88AFC /* Frameworks */,
			);
			sourceTree = "<group>";
		};
		40323EAD27AA355A00162695 /* Products */ = {
			isa = PBXGroup;
			children = (
				40323EAC27AA355A00162695 /* Flix.app */,
				40323EC227AA355B00162695 /* FlixTests.xctest */,
				40323ECC27AA355B00162695 /* FlixUITests.xctest */,
			);
			name = Products;
			sourceTree = "<group>";
		};
		40323EAE27AA355A00162695 /* Flix */ = {
			isa = PBXGroup;
			children = (
				40323EAF27AA355A00162695 /* AppDelegate.swift */,
				40323EB127AA355A00162695 /* SceneDelegate.swift */,
				40323EB327AA355A00162695 /* ViewController.swift */,
				40323EB527AA355A00162695 /* Main.storyboard */,
				40323EE727AA434F00162695 /* MovieCell.swift */,
				40323EB827AA355B00162695 /* Assets.xcassets */,
				40323EBA27AA355B00162695 /* LaunchScreen.storyboard */,
				40323EBD27AA355B00162695 /* Info.plist */,
				40323EE327AA378500162695 /* MoviesViewController.swift */,
			);
			path = Flix;
			sourceTree = "<group>";
		};
		40323EC527AA355B00162695 /* FlixTests */ = {
			isa = PBXGroup;
			children = (
				40323EC627AA355B00162695 /* FlixTests.swift */,
			);
			path = FlixTests;
			sourceTree = "<group>";
		};
		40323ECF27AA355B00162695 /* FlixUITests */ = {
			isa = PBXGroup;
			children = (
				40323ED027AA355B00162695 /* FlixUITests.swift */,
				40323ED227AA355B00162695 /* FlixUITestsLaunchTests.swift */,
			);
			path = FlixUITests;
			sourceTree = "<group>";
		};
		9138CF8C6AEB3B74AE5152AD /* Pods */ = {
			isa = PBXGroup;
			children = (
				B487088407A365509516CBDD /* Pods-Flix.debug.xcconfig */,
				BF5539E619C9C2441DBDC3AD /* Pods-Flix.release.xcconfig */,
				9A6341960AB3F4B73129A650 /* Pods-Flix-FlixUITests.debug.xcconfig */,
				D7957C08E247AE9D1C07BF40 /* Pods-Flix-FlixUITests.release.xcconfig */,
				7737398437F3C1BBB7658517 /* Pods-FlixTests.debug.xcconfig */,
				7DC6F50DD71FAE2C95641E02 /* Pods-FlixTests.release.xcconfig */,
			);
			name = Pods;
			path = Pods;
			sourceTree = "<group>";
		};
		9AE2700E10621852C6B88AFC /* Frameworks */ = {
			isa = PBXGroup;
			children = (
				784C2F2CEB2FE618E64C33A7 /* Pods_Flix.framework */,
				A9CE29775D34B8A924DAEF26 /* Pods_Flix_FlixUITests.framework */,
				539DAAF84BA833A382B3D333 /* Pods_FlixTests.framework */,
			);
			name = Frameworks;
			sourceTree = "<group>";
		};
/* End PBXGroup section */

/* Begin PBXNativeTarget section */
		40323EAB27AA355A00162695 /* Flix */ = {
			isa = PBXNativeTarget;
			buildConfigurationList = 40323ED627AA355B00162695 /* Build configuration list for PBXNativeTarget "Flix" */;
			buildPhases = (
				C7966FE1EF50224BC6870F6A /* [CP] Check Pods Manifest.lock */,
				40323EA827AA355A00162695 /* Sources */,
				40323EA927AA355A00162695 /* Frameworks */,
				40323EAA27AA355A00162695 /* Resources */,
			);
			buildRules = (
			);
			dependencies = (
			);
			name = Flix;
			packageProductDependencies = (
				40323EEA27AA481900162695 /* AlamofireImage */,
			);
			productName = Flix;
			productReference = 40323EAC27AA355A00162695 /* Flix.app */;
			productType = "com.apple.product-type.application";
		};
		40323EC127AA355B00162695 /* FlixTests */ = {
			isa = PBXNativeTarget;
			buildConfigurationList = 40323ED927AA355B00162695 /* Build configuration list for PBXNativeTarget "FlixTests" */;
			buildPhases = (
				CED93B0E07B8BAAF548777D1 /* [CP] Check Pods Manifest.lock */,
				40323EBE27AA355B00162695 /* Sources */,
				40323EBF27AA355B00162695 /* Frameworks */,
				40323EC027AA355B00162695 /* Resources */,
			);
			buildRules = (
			);
			dependencies = (
				40323EC427AA355B00162695 /* PBXTargetDependency */,
			);
			name = FlixTests;
			productName = FlixTests;
			productReference = 40323EC227AA355B00162695 /* FlixTests.xctest */;
			productType = "com.apple.product-type.bundle.unit-test";
		};
		40323ECB27AA355B00162695 /* FlixUITests */ = {
			isa = PBXNativeTarget;
			buildConfigurationList = 40323EDC27AA355B00162695 /* Build configuration list for PBXNativeTarget "FlixUITests" */;
			buildPhases = (
				53AB843D64E1121530AEAA89 /* [CP] Check Pods Manifest.lock */,
				40323EC827AA355B00162695 /* Sources */,
				40323EC927AA355B00162695 /* Frameworks */,
				40323ECA27AA355B00162695 /* Resources */,
			);
			buildRules = (
			);
			dependencies = (
				40323ECE27AA355B00162695 /* PBXTargetDependency */,
			);
			name = FlixUITests;
			productName = FlixUITests;
			productReference = 40323ECC27AA355B00162695 /* FlixUITests.xctest */;
			productType = "com.apple.product-type.bundle.ui-testing";
		};
/* End PBXNativeTarget section */

/* Begin PBXProject section */
		40323EA427AA355A00162695 /* Project object */ = {
			isa = PBXProject;
			attributes = {
				BuildIndependentTargetsInParallel = 1;
				LastSwiftUpdateCheck = 1320;
				LastUpgradeCheck = 1320;
				TargetAttributes = {
					40323EAB27AA355A00162695 = {
						CreatedOnToolsVersion = 13.2.1;
					};
					40323EC127AA355B00162695 = {
						CreatedOnToolsVersion = 13.2.1;
						TestTargetID = 40323EAB27AA355A00162695;
					};
					40323ECB27AA355B00162695 = {
						CreatedOnToolsVersion = 13.2.1;
						TestTargetID = 40323EAB27AA355A00162695;
					};
				};
			};
			buildConfigurationList = 40323EA727AA355A00162695 /* Build configuration list for PBXProject "Flix" */;
			compatibilityVersion = "Xcode 13.0";
			developmentRegion = en;
			hasScannedForEncodings = 0;
			knownRegions = (
				en,
				Base,
			);
			mainGroup = 40323EA327AA355A00162695;
			packageReferences = (
				40323EE927AA481900162695 /* XCRemoteSwiftPackageReference "AlamofireImage" */,
			);
			productRefGroup = 40323EAD27AA355A00162695 /* Products */;
			projectDirPath = "";
			projectRoot = "";
			targets = (
				40323EAB27AA355A00162695 /* Flix */,
				40323EC127AA355B00162695 /* FlixTests */,
				40323ECB27AA355B00162695 /* FlixUITests */,
			);
		};
/* End PBXProject section */

/* Begin PBXResourcesBuildPhase section */
		40323EAA27AA355A00162695 /* Resources */ = {
			isa = PBXResourcesBuildPhase;
			buildActionMask = 2147483647;
			files = (
				40323EBC27AA355B00162695 /* LaunchScreen.storyboard in Resources */,
				40323EB927AA355B00162695 /* Assets.xcassets in Resources */,
				40323EB727AA355A00162695 /* Main.storyboard in Resources */,
			);
			runOnlyForDeploymentPostprocessing = 0;
		};
		40323EC027AA355B00162695 /* Resources */ = {
			isa = PBXResourcesBuildPhase;
			buildActionMask = 2147483647;
			files = (
			);
			runOnlyForDeploymentPostprocessing = 0;
		};
		40323ECA27AA355B00162695 /* Resources */ = {
			isa = PBXResourcesBuildPhase;
			buildActionMask = 2147483647;
			files = (
			);
			runOnlyForDeploymentPostprocessing = 0;
		};
/* End PBXResourcesBuildPhase section */

/* Begin PBXShellScriptBuildPhase section */
		53AB843D64E1121530AEAA89 /* [CP] Check Pods Manifest.lock */ = {
			isa = PBXShellScriptBuildPhase;
			buildActionMask = 2147483647;
			files = (
			);
			inputFileListPaths = (
			);
			inputPaths = (
				"${PODS_PODFILE_DIR_PATH}/Podfile.lock",
				"${PODS_ROOT}/Manifest.lock",
			);
			name = "[CP] Check Pods Manifest.lock";
			outputFileListPaths = (
			);
			outputPaths = (
				"$(DERIVED_FILE_DIR)/Pods-Flix-FlixUITests-checkManifestLockResult.txt",
			);
			runOnlyForDeploymentPostprocessing = 0;
			shellPath = /bin/sh;
			shellScript = "diff \"${PODS_PODFILE_DIR_PATH}/Podfile.lock\" \"${PODS_ROOT}/Manifest.lock\" > /dev/null\nif [ $? != 0 ] ; then\n    # print error to STDERR\n    echo \"error: The sandbox is not in sync with the Podfile.lock. Run 'pod install' or update your CocoaPods installation.\" >&2\n    exit 1\nfi\n# This output is used by Xcode 'outputs' to avoid re-running this script phase.\necho \"SUCCESS\" > \"${SCRIPT_OUTPUT_FILE_0}\"\n";
			showEnvVarsInLog = 0;
		};
		C7966FE1EF50224BC6870F6A /* [CP] Check Pods Manifest.lock */ = {
			isa = PBXShellScriptBuildPhase;
			buildActionMask = 2147483647;
			files = (
			);
			inputFileListPaths = (
			);
			inputPaths = (
				"${PODS_PODFILE_DIR_PATH}/Podfile.lock",
				"${PODS_ROOT}/Manifest.lock",
			);
			name = "[CP] Check Pods Manifest.lock";
			outputFileListPaths = (
			);
			outputPaths = (
				"$(DERIVED_FILE_DIR)/Pods-Flix-checkManifestLockResult.txt",
			);
			runOnlyForDeploymentPostprocessing = 0;
			shellPath = /bin/sh;
			shellScript = "diff \"${PODS_PODFILE_DIR_PATH}/Podfile.lock\" \"${PODS_ROOT}/Manifest.lock\" > /dev/null\nif [ $? != 0 ] ; then\n    # print error to STDERR\n    echo \"error: The sandbox is not in sync with the Podfile.lock. Run 'pod install' or update your CocoaPods installation.\" >&2\n    exit 1\nfi\n# This output is used by Xcode 'outputs' to avoid re-running this script phase.\necho \"SUCCESS\" > \"${SCRIPT_OUTPUT_FILE_0}\"\n";
			showEnvVarsInLog = 0;
		};
		CED93B0E07B8BAAF548777D1 /* [CP] Check Pods Manifest.lock */ = {
			isa = PBXShellScriptBuildPhase;
			buildActionMask = 2147483647;
			files = (
			);
			inputFileListPaths = (
			);
			inputPaths = (
				"${PODS_PODFILE_DIR_PATH}/Podfile.lock",
				"${PODS_ROOT}/Manifest.lock",
			);
			name = "[CP] Check Pods Manifest.lock";
			outputFileListPaths = (
			);
			outputPaths = (
				"$(DERIVED_FILE_DIR)/Pods-FlixTests-checkManifestLockResult.txt",
			);
			runOnlyForDeploymentPostprocessing = 0;
			shellPath = /bin/sh;
			shellScript = "diff \"${PODS_PODFILE_DIR_PATH}/Podfile.lock\" \"${PODS_ROOT}/Manifest.lock\" > /dev/null\nif [ $? != 0 ] ; then\n    # print error to STDERR\n    echo \"error: The sandbox is not in sync with the Podfile.lock. Run 'pod install' or update your CocoaPods installation.\" >&2\n    exit 1\nfi\n# This output is used by Xcode 'outputs' to avoid re-running this script phase.\necho \"SUCCESS\" > \"${SCRIPT_OUTPUT_FILE_0}\"\n";
			showEnvVarsInLog = 0;
		};
/* End PBXShellScriptBuildPhase section */

/* Begin PBXSourcesBuildPhase section */
		40323EA827AA355A00162695 /* Sources */ = {
			isa = PBXSourcesBuildPhase;
			buildActionMask = 2147483647;
			files = (
				40323EB427AA355A00162695 /* ViewController.swift in Sources */,
				40323EB027AA355A00162695 /* AppDelegate.swift in Sources */,
				40323EB227AA355A00162695 /* SceneDelegate.swift in Sources */,
				40323EE827AA434F00162695 /* MovieCell.swift in Sources */,
				40323EE427AA378500162695 /* MoviesViewController.swift in Sources */,
			);
			runOnlyForDeploymentPostprocessing = 0;
		};
		40323EBE27AA355B00162695 /* Sources */ = {
			isa = PBXSourcesBuildPhase;
			buildActionMask = 2147483647;
			files = (
				40323EC727AA355B00162695 /* FlixTests.swift in Sources */,
			);
			runOnlyForDeploymentPostprocessing = 0;
		};
		40323EC827AA355B00162695 /* Sources */ = {
			isa = PBXSourcesBuildPhase;
			buildActionMask = 2147483647;
			files = (
				40323ED127AA355B00162695 /* FlixUITests.swift in Sources */,
				40323ED327AA355B00162695 /* FlixUITestsLaunchTests.swift in Sources */,
			);
			runOnlyForDeploymentPostprocessing = 0;
		};
/* End PBXSourcesBuildPhase section */

/* Begin PBXTargetDependency section */
		40323EC427AA355B00162695 /* PBXTargetDependency */ = {
			isa = PBXTargetDependency;
			target = 40323EAB27AA355A00162695 /* Flix */;
			targetProxy = 40323EC327AA355B00162695 /* PBXContainerItemProxy */;
		};
		40323ECE27AA355B00162695 /* PBXTargetDependency */ = {
			isa = PBXTargetDependency;
			target = 40323EAB27AA355A00162695 /* Flix */;
			targetProxy = 40323ECD27AA355B00162695 /* PBXContainerItemProxy */;
		};
/* End PBXTargetDependency section */

/* Begin PBXVariantGroup section */
		40323EB527AA355A00162695 /* Main.storyboard */ = {
			isa = PBXVariantGroup;
			children = (
				40323EB627AA355A00162695 /* Base */,
			);
			name = Main.storyboard;
			sourceTree = "<group>";
		};
		40323EBA27AA355B00162695 /* LaunchScreen.storyboard */ = {
			isa = PBXVariantGroup;
			children = (
				40323EBB27AA355B00162695 /* Base */,
			);
			name = LaunchScreen.storyboard;
			sourceTree = "<group>";
		};
/* End PBXVariantGroup section */

/* Begin XCBuildConfiguration section */
		40323ED427AA355B00162695 /* Debug */ = {
			isa = XCBuildConfiguration;
			buildSettings = {
				ALWAYS_SEARCH_USER_PATHS = NO;
				CLANG_ANALYZER_NONNULL = YES;
				CLANG_ANALYZER_NUMBER_OBJECT_CONVERSION = YES_AGGRESSIVE;
				CLANG_CXX_LANGUAGE_STANDARD = "gnu++17";
				CLANG_CXX_LIBRARY = "libc++";
				CLANG_ENABLE_MODULES = YES;
				CLANG_ENABLE_OBJC_ARC = YES;
				CLANG_ENABLE_OBJC_WEAK = YES;
				CLANG_WARN_BLOCK_CAPTURE_AUTORELEASING = YES;
				CLANG_WARN_BOOL_CONVERSION = YES;
				CLANG_WARN_COMMA = YES;
				CLANG_WARN_CONSTANT_CONVERSION = YES;
				CLANG_WARN_DEPRECATED_OBJC_IMPLEMENTATIONS = YES;
				CLANG_WARN_DIRECT_OBJC_ISA_USAGE = YES_ERROR;
				CLANG_WARN_DOCUMENTATION_COMMENTS = YES;
				CLANG_WARN_EMPTY_BODY = YES;
				CLANG_WARN_ENUM_CONVERSION = YES;
				CLANG_WARN_INFINITE_RECURSION = YES;
				CLANG_WARN_INT_CONVERSION = YES;
				CLANG_WARN_NON_LITERAL_NULL_CONVERSION = YES;
				CLANG_WARN_OBJC_IMPLICIT_RETAIN_SELF = YES;
				CLANG_WARN_OBJC_LITERAL_CONVERSION = YES;
				CLANG_WARN_OBJC_ROOT_CLASS = YES_ERROR;
				CLANG_WARN_QUOTED_INCLUDE_IN_FRAMEWORK_HEADER = YES;
				CLANG_WARN_RANGE_LOOP_ANALYSIS = YES;
				CLANG_WARN_STRICT_PROTOTYPES = YES;
				CLANG_WARN_SUSPICIOUS_MOVE = YES;
				CLANG_WARN_UNGUARDED_AVAILABILITY = YES_AGGRESSIVE;
				CLANG_WARN_UNREACHABLE_CODE = YES;
				CLANG_WARN__DUPLICATE_METHOD_MATCH = YES;
				COPY_PHASE_STRIP = NO;
				DEBUG_INFORMATION_FORMAT = dwarf;
				ENABLE_STRICT_OBJC_MSGSEND = YES;
				ENABLE_TESTABILITY = YES;
				GCC_C_LANGUAGE_STANDARD = gnu11;
				GCC_DYNAMIC_NO_PIC = NO;
				GCC_NO_COMMON_BLOCKS = YES;
				GCC_OPTIMIZATION_LEVEL = 0;
				GCC_PREPROCESSOR_DEFINITIONS = (
					"DEBUG=1",
					"$(inherited)",
				);
				GCC_WARN_64_TO_32_BIT_CONVERSION = YES;
				GCC_WARN_ABOUT_RETURN_TYPE = YES_ERROR;
				GCC_WARN_UNDECLARED_SELECTOR = YES;
				GCC_WARN_UNINITIALIZED_AUTOS = YES_AGGRESSIVE;
				GCC_WARN_UNUSED_FUNCTION = YES;
				GCC_WARN_UNUSED_VARIABLE = YES;
				IPHONEOS_DEPLOYMENT_TARGET = 15.2;
				MTL_ENABLE_DEBUG_INFO = INCLUDE_SOURCE;
				MTL_FAST_MATH = YES;
				ONLY_ACTIVE_ARCH = YES;
				SDKROOT = iphoneos;
				SWIFT_ACTIVE_COMPILATION_CONDITIONS = DEBUG;
				SWIFT_OPTIMIZATION_LEVEL = "-Onone";
			};
			name = Debug;
		};
		40323ED527AA355B00162695 /* Release */ = {
			isa = XCBuildConfiguration;
			buildSettings = {
				ALWAYS_SEARCH_USER_PATHS = NO;
				CLANG_ANALYZER_NONNULL = YES;
				CLANG_ANALYZER_NUMBER_OBJECT_CONVERSION = YES_AGGRESSIVE;
				CLANG_CXX_LANGUAGE_STANDARD = "gnu++17";
				CLANG_CXX_LIBRARY = "libc++";
				CLANG_ENABLE_MODULES = YES;
				CLANG_ENABLE_OBJC_ARC = YES;
				CLANG_ENABLE_OBJC_WEAK = YES;
				CLANG_WARN_BLOCK_CAPTURE_AUTORELEASING = YES;
				CLANG_WARN_BOOL_CONVERSION = YES;
				CLANG_WARN_COMMA = YES;
				CLANG_WARN_CONSTANT_CONVERSION = YES;
				CLANG_WARN_DEPRECATED_OBJC_IMPLEMENTATIONS = YES;
				CLANG_WARN_DIRECT_OBJC_ISA_USAGE = YES_ERROR;
				CLANG_WARN_DOCUMENTATION_COMMENTS = YES;
				CLANG_WARN_EMPTY_BODY = YES;
				CLANG_WARN_ENUM_CONVERSION = YES;
				CLANG_WARN_INFINITE_RECURSION = YES;
				CLANG_WARN_INT_CONVERSION = YES;
				CLANG_WARN_NON_LITERAL_NULL_CONVERSION = YES;
				CLANG_WARN_OBJC_IMPLICIT_RETAIN_SELF = YES;
				CLANG_WARN_OBJC_LITERAL_CONVERSION = YES;
				CLANG_WARN_OBJC_ROOT_CLASS = YES_ERROR;
				CLANG_WARN_QUOTED_INCLUDE_IN_FRAMEWORK_HEADER = YES;
				CLANG_WARN_RANGE_LOOP_ANALYSIS = YES;
				CLANG_WARN_STRICT_PROTOTYPES = YES;
				CLANG_WARN_SUSPICIOUS_MOVE = YES;
				CLANG_WARN_UNGUARDED_AVAILABILITY = YES_AGGRESSIVE;
				CLANG_WARN_UNREACHABLE_CODE = YES;
				CLANG_WARN__DUPLICATE_METHOD_MATCH = YES;
				COPY_PHASE_STRIP = NO;
				DEBUG_INFORMATION_FORMAT = "dwarf-with-dsym";
				ENABLE_NS_ASSERTIONS = NO;
				ENABLE_STRICT_OBJC_MSGSEND = YES;
				GCC_C_LANGUAGE_STANDARD = gnu11;
				GCC_NO_COMMON_BLOCKS = YES;
				GCC_WARN_64_TO_32_BIT_CONVERSION = YES;
				GCC_WARN_ABOUT_RETURN_TYPE = YES_ERROR;
				GCC_WARN_UNDECLARED_SELECTOR = YES;
				GCC_WARN_UNINITIALIZED_AUTOS = YES_AGGRESSIVE;
				GCC_WARN_UNUSED_FUNCTION = YES;
				GCC_WARN_UNUSED_VARIABLE = YES;
				IPHONEOS_DEPLOYMENT_TARGET = 15.2;
				MTL_ENABLE_DEBUG_INFO = NO;
				MTL_FAST_MATH = YES;
				SDKROOT = iphoneos;
				SWIFT_COMPILATION_MODE = wholemodule;
				SWIFT_OPTIMIZATION_LEVEL = "-O";
				VALIDATE_PRODUCT = YES;
			};
			name = Release;
		};
		40323ED727AA355B00162695 /* Debug */ = {
			isa = XCBuildConfiguration;
			baseConfigurationReference = B487088407A365509516CBDD /* Pods-Flix.debug.xcconfig */;
			buildSettings = {
				ASSETCATALOG_COMPILER_APPICON_NAME = AppIcon;
				ASSETCATALOG_COMPILER_GLOBAL_ACCENT_COLOR_NAME = AccentColor;
				CODE_SIGN_STYLE = Automatic;
				CURRENT_PROJECT_VERSION = 1;
				DEVELOPMENT_TEAM = BP3WQP8J7Y;
				GENERATE_INFOPLIST_FILE = YES;
				INFOPLIST_FILE = Flix/Info.plist;
				INFOPLIST_KEY_UIApplicationSupportsIndirectInputEvents = YES;
				INFOPLIST_KEY_UILaunchStoryboardName = LaunchScreen;
				INFOPLIST_KEY_UIMainStoryboardFile = Main;
				INFOPLIST_KEY_UISupportedInterfaceOrientations_iPad = "UIInterfaceOrientationPortrait UIInterfaceOrientationPortraitUpsideDown UIInterfaceOrientationLandscapeLeft UIInterfaceOrientationLandscapeRight";
				INFOPLIST_KEY_UISupportedInterfaceOrientations_iPhone = "UIInterfaceOrientationPortrait UIInterfaceOrientationLandscapeLeft UIInterfaceOrientationLandscapeRight";
				LD_RUNPATH_SEARCH_PATHS = (
					"$(inherited)",
					"@executable_path/Frameworks",
				);
				MARKETING_VERSION = 1.0;
				PRODUCT_BUNDLE_IDENTIFIER = com.Tina.Flix;
				PRODUCT_NAME = "$(TARGET_NAME)";
				SWIFT_EMIT_LOC_STRINGS = YES;
				SWIFT_VERSION = 5.0;
				TARGETED_DEVICE_FAMILY = "1,2";
			};
			name = Debug;
		};
		40323ED827AA355B00162695 /* Release */ = {
			isa = XCBuildConfiguration;
			baseConfigurationReference = BF5539E619C9C2441DBDC3AD /* Pods-Flix.release.xcconfig */;
			buildSettings = {
				ASSETCATALOG_COMPILER_APPICON_NAME = AppIcon;
				ASSETCATALOG_COMPILER_GLOBAL_ACCENT_COLOR_NAME = AccentColor;
				CODE_SIGN_STYLE = Automatic;
				CURRENT_PROJECT_VERSION = 1;
				DEVELOPMENT_TEAM = BP3WQP8J7Y;
				GENERATE_INFOPLIST_FILE = YES;
				INFOPLIST_FILE = Flix/Info.plist;
				INFOPLIST_KEY_UIApplicationSupportsIndirectInputEvents = YES;
				INFOPLIST_KEY_UILaunchStoryboardName = LaunchScreen;
				INFOPLIST_KEY_UIMainStoryboardFile = Main;
				INFOPLIST_KEY_UISupportedInterfaceOrientations_iPad = "UIInterfaceOrientationPortrait UIInterfaceOrientationPortraitUpsideDown UIInterfaceOrientationLandscapeLeft UIInterfaceOrientationLandscapeRight";
				INFOPLIST_KEY_UISupportedInterfaceOrientations_iPhone = "UIInterfaceOrientationPortrait UIInterfaceOrientationLandscapeLeft UIInterfaceOrientationLandscapeRight";
				LD_RUNPATH_SEARCH_PATHS = (
					"$(inherited)",
					"@executable_path/Frameworks",
				);
				MARKETING_VERSION = 1.0;
				PRODUCT_BUNDLE_IDENTIFIER = com.Tina.Flix;
				PRODUCT_NAME = "$(TARGET_NAME)";
				SWIFT_EMIT_LOC_STRINGS = YES;
				SWIFT_VERSION = 5.0;
				TARGETED_DEVICE_FAMILY = "1,2";
			};
			name = Release;
		};
		40323EDA27AA355B00162695 /* Debug */ = {
			isa = XCBuildConfiguration;
			baseConfigurationReference = 7737398437F3C1BBB7658517 /* Pods-FlixTests.debug.xcconfig */;
			buildSettings = {
				ALWAYS_EMBED_SWIFT_STANDARD_LIBRARIES = YES;
				BUNDLE_LOADER = "$(TEST_HOST)";
				CODE_SIGN_STYLE = Automatic;
				CURRENT_PROJECT_VERSION = 1;
				DEVELOPMENT_TEAM = BP3WQP8J7Y;
				GENERATE_INFOPLIST_FILE = YES;
				IPHONEOS_DEPLOYMENT_TARGET = 15.2;
				MARKETING_VERSION = 1.0;
				PRODUCT_BUNDLE_IDENTIFIER = com.Tina.FlixTests;
				PRODUCT_NAME = "$(TARGET_NAME)";
				SWIFT_EMIT_LOC_STRINGS = NO;
				SWIFT_VERSION = 5.0;
				TARGETED_DEVICE_FAMILY = "1,2";
				TEST_HOST = "$(BUILT_PRODUCTS_DIR)/Flix.app/Flix";
			};
			name = Debug;
		};
		40323EDB27AA355B00162695 /* Release */ = {
			isa = XCBuildConfiguration;
			baseConfigurationReference = 7DC6F50DD71FAE2C95641E02 /* Pods-FlixTests.release.xcconfig */;
			buildSettings = {
				ALWAYS_EMBED_SWIFT_STANDARD_LIBRARIES = YES;
				BUNDLE_LOADER = "$(TEST_HOST)";
				CODE_SIGN_STYLE = Automatic;
				CURRENT_PROJECT_VERSION = 1;
				DEVELOPMENT_TEAM = BP3WQP8J7Y;
				GENERATE_INFOPLIST_FILE = YES;
				IPHONEOS_DEPLOYMENT_TARGET = 15.2;
				MARKETING_VERSION = 1.0;
				PRODUCT_BUNDLE_IDENTIFIER = com.Tina.FlixTests;
				PRODUCT_NAME = "$(TARGET_NAME)";
				SWIFT_EMIT_LOC_STRINGS = NO;
				SWIFT_VERSION = 5.0;
				TARGETED_DEVICE_FAMILY = "1,2";
				TEST_HOST = "$(BUILT_PRODUCTS_DIR)/Flix.app/Flix";
			};
			name = Release;
		};
		40323EDD27AA355B00162695 /* Debug */ = {
			isa = XCBuildConfiguration;
			baseConfigurationReference = 9A6341960AB3F4B73129A650 /* Pods-Flix-FlixUITests.debug.xcconfig */;
			buildSettings = {
				ALWAYS_EMBED_SWIFT_STANDARD_LIBRARIES = YES;
				CODE_SIGN_STYLE = Automatic;
				CURRENT_PROJECT_VERSION = 1;
				DEVELOPMENT_TEAM = BP3WQP8J7Y;
				GENERATE_INFOPLIST_FILE = YES;
				MARKETING_VERSION = 1.0;
				PRODUCT_BUNDLE_IDENTIFIER = com.Tina.FlixUITests;
				PRODUCT_NAME = "$(TARGET_NAME)";
				SWIFT_EMIT_LOC_STRINGS = NO;
				SWIFT_VERSION = 5.0;
				TARGETED_DEVICE_FAMILY = "1,2";
				TEST_TARGET_NAME = Flix;
			};
			name = Debug;
		};
		40323EDE27AA355B00162695 /* Release */ = {
			isa = XCBuildConfiguration;
			baseConfigurationReference = D7957C08E247AE9D1C07BF40 /* Pods-Flix-FlixUITests.release.xcconfig */;
			buildSettings = {
				ALWAYS_EMBED_SWIFT_STANDARD_LIBRARIES = YES;
				CODE_SIGN_STYLE = Automatic;
				CURRENT_PROJECT_VERSION = 1;
				DEVELOPMENT_TEAM = BP3WQP8J7Y;
				GENERATE_INFOPLIST_FILE = YES;
				MARKETING_VERSION = 1.0;
				PRODUCT_BUNDLE_IDENTIFIER = com.Tina.FlixUITests;
				PRODUCT_NAME = "$(TARGET_NAME)";
				SWIFT_EMIT_LOC_STRINGS = NO;
				SWIFT_VERSION = 5.0;
				TARGETED_DEVICE_FAMILY = "1,2";
				TEST_TARGET_NAME = Flix;
			};
			name = Release;
		};
/* End XCBuildConfiguration section */

/* Begin XCConfigurationList section */
		40323EA727AA355A00162695 /* Build configuration list for PBXProject "Flix" */ = {
			isa = XCConfigurationList;
			buildConfigurations = (
				40323ED427AA355B00162695 /* Debug */,
				40323ED527AA355B00162695 /* Release */,
			);
			defaultConfigurationIsVisible = 0;
			defaultConfigurationName = Release;
		};
		40323ED627AA355B00162695 /* Build configuration list for PBXNativeTarget "Flix" */ = {
			isa = XCConfigurationList;
			buildConfigurations = (
				40323ED727AA355B00162695 /* Debug */,
				40323ED827AA355B00162695 /* Release */,
			);
			defaultConfigurationIsVisible = 0;
			defaultConfigurationName = Release;
		};
		40323ED927AA355B00162695 /* Build configuration list for PBXNativeTarget "FlixTests" */ = {
			isa = XCConfigurationList;
			buildConfigurations = (
				40323EDA27AA355B00162695 /* Debug */,
				40323EDB27AA355B00162695 /* Release */,
			);
			defaultConfigurationIsVisible = 0;
			defaultConfigurationName = Release;
		};
		40323EDC27AA355B00162695 /* Build configuration list for PBXNativeTarget "FlixUITests" */ = {
			isa = XCConfigurationList;
			buildConfigurations = (
				40323EDD27AA355B00162695 /* Debug */,
				40323EDE27AA355B00162695 /* Release */,
			);
			defaultConfigurationIsVisible = 0;
			defaultConfigurationName = Release;
		};
/* End XCConfigurationList section */

/* Begin XCRemoteSwiftPackageReference section */
		40323EE927AA481900162695 /* XCRemoteSwiftPackageReference "AlamofireImage" */ = {
			isa = XCRemoteSwiftPackageReference;
			repositoryURL = "https://github.com/Alamofire/AlamofireImage";
			requirement = {
				kind = upToNextMajorVersion;
				minimumVersion = 4.0.0;
			};
		};
/* End XCRemoteSwiftPackageReference section */

/* Begin XCSwiftPackageProductDependency section */
		40323EEA27AA481900162695 /* AlamofireImage */ = {
			isa = XCSwiftPackageProductDependency;
			package = 40323EE927AA481900162695 /* XCRemoteSwiftPackageReference "AlamofireImage" */;
			productName = AlamofireImage;
		};
/* End XCSwiftPackageProductDependency section */
	};
	rootObject = 40323EA427AA355A00162695 /* Project object */;
}
